{
  "name": "weather-cli-new",
  "version": "1.0.0",
  "lockfileVersion": 2,
  "requires": true,
  "packages": {
    "": {
      "name": "weather-cli-new",
      "version": "1.0.0",
      "license": "ISC",
      "dependencies": {
        "weather-cli-new": "^1.0.0",
        "weather23": "^1.1.1"
      },
      "bin": {
        "weather": "index.js"
      }
    },
    "node_modules/axios": {
      "version": "0.24.0",
      "resolved": "https://registry.npmjs.org/axios/-/axios-0.24.0.tgz",
      "integrity": "sha512-Q6cWsys88HoPgAaFAVUb0WpPk0O8iTeisR9IMqy9G8AbO4NlpVknrnQS03zzF9PGAWgO3cgletO3VjV/P7VztA==",
      "dependencies": {
        "follow-redirects": "^1.14.4"
      }
    },
    "node_modules/follow-redirects": {
      "version": "1.14.5",
      "resolved": "https://registry.npmjs.org/follow-redirects/-/follow-redirects-1.14.5.tgz",
      "integrity": "sha512-wtphSXy7d4/OR+MvIFbCVBDzZ5520qV8XfPklSN5QtxuMUJZ+b0Wnst1e1lCDocfzuCkHqj8k0FpZqO+UIaKNA==",
      "funding": [
        {
          "type": "individual",
          "url": "https://github.com/sponsors/RubenVerborgh"
        }
      ],
      "engines": {
        "node": ">=4.0"
      },
      "peerDependenciesMeta": {
        "debug": {
          "optional": true
        }
      }
    },
    "node_modules/weather-cli-new": {
      "version": "1.0.0",
      "resolved": "https://registry.npmjs.org/weather-cli-new/-/weather-cli-new-1.0.0.tgz",
      "integrity": "sha512-knIh41CLx/nk7GjRabUbq0cebHF9Gthc0OGDSQjDGdtJmkZ39ei3TKzUtpSo+olWeAxpo7btl1NCT5wgDhC9SA==",
      "dependencies": {
        "weather23": "^1.1.1"
      },
      "bin": {
        "weather": "index.js"
      }
    },
    "node_modules/weather23": {
      "version": "1.1.1",
      "resolved": "https://registry.npmjs.org/weather23/-/weather23-1.1.1.tgz",
      "integrity": "sha512-D10E1lU3fyYmtEZfDrMloktkbCb2E2dPEATfOFXV5jGp6mJXvijQp+5BQ9j3F0xi34Tj0abTCtwVdS4c84TmAA==",
      "dependencies": {
        "axios": "^0.24.0"
      }
    }
  },
  "dependencies": {
    "axios": {
      "version": "0.24.0",
      "resolved": "https://registry.npmjs.org/axios/-/axios-0.24.0.tgz",
      "integrity": "sha512-Q6cWsys88HoPgAaFAVUb0WpPk0O8iTeisR9IMqy9G8AbO4NlpVknrnQS03zzF9PGAWgO3cgletO3VjV/P7VztA==",
      "requires": {
        "follow-redirects": "^1.14.4"
      }
    },
    "follow-redirects": {
      "version": "1.14.5",
      "resolved": "https://registry.npmjs.org/follow-redirects/-/follow-redirects-1.14.5.tgz",
      "integrity": "sha512-wtphSXy7d4/OR+MvIFbCVBDzZ5520qV8XfPklSN5QtxuMUJZ+b0Wnst1e1lCDocfzuCkHqj8k0FpZqO+UIaKNA=="
    },
    "weather-cli-new": {
      "version": "1.0.0",
      "resolved": "https://registry.npmjs.org/weather-cli-new/-/weather-cli-new-1.0.0.tgz",
      "integrity": "sha512-knIh41CLx/nk7GjRabUbq0cebHF9Gthc0OGDSQjDGdtJmkZ39ei3TKzUtpSo+olWeAxpo7btl1NCT5wgDhC9SA==",
      "requires": {
        "weather23": "^1.1.1"
      }
    },
    "weather23": {
      "version": "1.1.1",
      "resolved": "https://registry.npmjs.org/weather23/-/weather23-1.1.1.tgz",
      "integrity": "sha512-D10E1lU3fyYmtEZfDrMloktkbCb2E2dPEATfOFXV5jGp6mJXvijQp+5BQ9j3F0xi34Tj0abTCtwVdS4c84TmAA==",
      "requires": {
        "axios": "^0.24.0"
      }
    }
  }
}
